
Microsoft Visual Studio Solution File, Format Version 12.00
# Visual Studio Version 16
VisualStudioVersion = 16.0.31205.134
MinimumVisualStudioVersion = 10.0.40219.1
Project("{FAE04EC0-301F-11D3-BF4B-00C04F79EFBC}") = "WindowsFormsAppLesson3Part2", "WindowsFormsAppLesson3Part2\WindowsFormsAppLesson3Part2.csproj", "{F7EA32FD-4750-42A7-B365-092A32320771}"
EndProject
Global
	GlobalSection(SolutionConfigurationPlatforms) = preSolution
		Debug|Any CPU = Debug|Any CPU
		Release|Any CPU = Release|Any CPU
	EndGlobalSection
	GlobalSection(ProjectConfigurationPlatforms) = postSolution
		{F7EA32FD-4750-42A7-B365-092A32320771}.Debug|Any CPU.ActiveCfg = Debug|Any CPU
		{F7EA32FD-4750-42A7-B365-092A32320771}.Debug|Any CPU.Build.0 = Debug|Any CPU
		{F7EA32FD-4750-42A7-B365-092A32320771}.Release|Any CPU.ActiveCfg = Release|Any CPU
		{F7EA32FD-4750-42A7-B365-092A32320771}.Release|Any CPU.Build.0 = Release|Any CPU
	EndGlobalSection
	GlobalSection(SolutionProperties) = preSolution
		HideSolutionNode = FALSE
	EndGlobalSection
	GlobalSection(ExtensibilityGlobals) = postSolution
		SolutionGuid = {D4816B05-F275-4716-8A96-82E4780DD893}
	EndGlobalSection
EndGlobal
